
Microsoft Visual Studio Solution File, Format Version 12.00
# Visual Studio Version 16
VisualStudioVersion = 16.0.31321.278
MinimumVisualStudioVersion = 10.0.40219.1
Project("{FAE04EC0-301F-11D3-BF4B-00C04F79EFBC}") = "IS-1-20-DodardzhonovKK-U", "IS-1-20-DodardzhonovKK-U\IS-1-20-DodardzhonovKK-U.csproj", "{EBF373BB-D483-4457-8511-70B5688A5186}"
EndProject
Project("{FAE04EC0-301F-11D3-BF4B-00C04F79EFBC}") = "ConnectDB", "ConnectDB\ConnectDB.csproj", "{79E8D32F-8609-4C15-817C-F94EF5A81199}"
EndProject
Global
	GlobalSection(SolutionConfigurationPlatforms) = preSolution
		Debug|Any CPU = Debug|Any CPU
		Release|Any CPU = Release|Any CPU
	EndGlobalSection
	GlobalSection(ProjectConfigurationPlatforms) = postSolution
		{EBF373BB-D483-4457-8511-70B5688A5186}.Debug|Any CPU.ActiveCfg = Debug|Any CPU
		{EBF373BB-D483-4457-8511-70B5688A5186}.Debug|Any CPU.Build.0 = Debug|Any CPU
		{EBF373BB-D483-4457-8511-70B5688A5186}.Release|Any CPU.ActiveCfg = Release|Any CPU
		{EBF373BB-D483-4457-8511-70B5688A5186}.Release|Any CPU.Build.0 = Release|Any CPU
		{79E8D32F-8609-4C15-817C-F94EF5A81199}.Debug|Any CPU.ActiveCfg = Debug|Any CPU
		{79E8D32F-8609-4C15-817C-F94EF5A81199}.Debug|Any CPU.Build.0 = Debug|Any CPU
		{79E8D32F-8609-4C15-817C-F94EF5A81199}.Release|Any CPU.ActiveCfg = Release|Any CPU
		{79E8D32F-8609-4C15-817C-F94EF5A81199}.Release|Any CPU.Build.0 = Release|Any CPU
	EndGlobalSection
	GlobalSection(SolutionProperties) = preSolution
		HideSolutionNode = FALSE
	EndGlobalSection
	GlobalSection(ExtensibilityGlobals) = postSolution
		SolutionGuid = {3564C0D1-D16E-43E5-BD45-C427A8DD1E5F}
	EndGlobalSection
EndGlobal
